// !$*UTF8*$!
{
	archiveVersion = 1;
	classes = {
	};
	objectVersion = 46;
	objects = {

/* Begin PBXBuildFile section */
		5DF47D79066A125889EC0FB8 /* Pods_ChatFireBase.framework in Frameworks */ = {isa = PBXBuildFile; fileRef = A3422680F6335B5412902260 /* Pods_ChatFireBase.framework */; };
		836E280C1D485FDA006558D9 /* AppDelegate.swift in Sources */ = {isa = PBXBuildFile; fileRef = 836E280B1D485FDA006558D9 /* AppDelegate.swift */; };
		836E28111D485FDA006558D9 /* Main.storyboard in Resources */ = {isa = PBXBuildFile; fileRef = 836E280F1D485FDA006558D9 /* Main.storyboard */; };
		836E28131D485FDA006558D9 /* Assets.xcassets in Resources */ = {isa = PBXBuildFile; fileRef = 836E28121D485FDA006558D9 /* Assets.xcassets */; };
		836E28161D485FDA006558D9 /* LaunchScreen.storyboard in Resources */ = {isa = PBXBuildFile; fileRef = 836E28141D485FDA006558D9 /* LaunchScreen.storyboard */; };
		836E281F1D4861E5006558D9 /* LoginController.swift in Sources */ = {isa = PBXBuildFile; fileRef = 836E281E1D4861E5006558D9 /* LoginController.swift */; };
		836E28211D487B24006558D9 /* MessagesController.swift in Sources */ = {isa = PBXBuildFile; fileRef = 836E28201D487B24006558D9 /* MessagesController.swift */; };
		836E28441D49C793006558D9 /* Common.swift in Sources */ = {isa = PBXBuildFile; fileRef = 836E28431D49C793006558D9 /* Common.swift */; };
		BF9BBD581D48E7A200B808C6 /* heart.jpg in Resources */ = {isa = PBXBuildFile; fileRef = BF9BBD571D48E7A200B808C6 /* heart.jpg */; };
		BF9BBD5A1D48EA8600B808C6 /* GoogleService-Info.plist in Resources */ = {isa = PBXBuildFile; fileRef = BF9BBD591D48EA8600B808C6 /* GoogleService-Info.plist */; };
		BFBF899B1D4A334A001B276C /* NewMessageController.swift in Sources */ = {isa = PBXBuildFile; fileRef = BFBF899A1D4A334A001B276C /* NewMessageController.swift */; };
		BFBF899E1D4A3C3D001B276C /* User.swift in Sources */ = {isa = PBXBuildFile; fileRef = BFBF899D1D4A3C3D001B276C /* User.swift */; };
		BFBF89A01D4A425D001B276C /* LoginController+handlers.swift in Sources */ = {isa = PBXBuildFile; fileRef = BFBF899F1D4A425D001B276C /* LoginController+handlers.swift */; };
		BFBF89A31D4A6159001B276C /* Extentions.swift in Sources */ = {isa = PBXBuildFile; fileRef = BFBF89A21D4A6159001B276C /* Extentions.swift */; };
/* End PBXBuildFile section */

/* Begin PBXFileReference section */
		109DED3903D14EAC96C4DB5E /* Pods-ChatFireBase.debug.xcconfig */ = {isa = PBXFileReference; includeInIndex = 1; lastKnownFileType = text.xcconfig; name = "Pods-ChatFireBase.debug.xcconfig"; path = "Pods/Target Support Files/Pods-ChatFireBase/Pods-ChatFireBase.debug.xcconfig"; sourceTree = "<group>"; };
		836E28081D485FDA006558D9 /* ChatFireBase.app */ = {isa = PBXFileReference; explicitFileType = wrapper.application; includeInIndex = 0; path = ChatFireBase.app; sourceTree = BUILT_PRODUCTS_DIR; };
		836E280B1D485FDA006558D9 /* AppDelegate.swift */ = {isa = PBXFileReference; lastKnownFileType = sourcecode.swift; path = AppDelegate.swift; sourceTree = "<group>"; };
		836E28101D485FDA006558D9 /* Base */ = {isa = PBXFileReference; lastKnownFileType = file.storyboard; name = Base; path = Base.lproj/Main.storyboard; sourceTree = "<group>"; };
		836E28121D485FDA006558D9 /* Assets.xcassets */ = {isa = PBXFileReference; lastKnownFileType = folder.assetcatalog; path = Assets.xcassets; sourceTree = "<group>"; };
		836E28151D485FDA006558D9 /* Base */ = {isa = PBXFileReference; lastKnownFileType = file.storyboard; name = Base; path = Base.lproj/LaunchScreen.storyboard; sourceTree = "<group>"; };
		836E28171D485FDA006558D9 /* Info.plist */ = {isa = PBXFileReference; lastKnownFileType = text.plist.xml; path = Info.plist; sourceTree = "<group>"; };
		836E281E1D4861E5006558D9 /* LoginController.swift */ = {isa = PBXFileReference; fileEncoding = 4; lastKnownFileType = sourcecode.swift; path = LoginController.swift; sourceTree = "<group>"; };
		836E28201D487B24006558D9 /* MessagesController.swift */ = {isa = PBXFileReference; fileEncoding = 4; lastKnownFileType = sourcecode.swift; path = MessagesController.swift; sourceTree = "<group>"; };
		836E28431D49C793006558D9 /* Common.swift */ = {isa = PBXFileReference; fileEncoding = 4; lastKnownFileType = sourcecode.swift; path = Common.swift; sourceTree = "<group>"; };
		A3422680F6335B5412902260 /* Pods_ChatFireBase.framework */ = {isa = PBXFileReference; explicitFileType = wrapper.framework; includeInIndex = 0; path = Pods_ChatFireBase.framework; sourceTree = BUILT_PRODUCTS_DIR; };
		BF9BBD571D48E7A200B808C6 /* heart.jpg */ = {isa = PBXFileReference; lastKnownFileType = image.jpeg; path = heart.jpg; sourceTree = "<group>"; };
		BF9BBD591D48EA8600B808C6 /* GoogleService-Info.plist */ = {isa = PBXFileReference; fileEncoding = 4; lastKnownFileType = text.plist.xml; path = "GoogleService-Info.plist"; sourceTree = "<group>"; };
		BFBF899A1D4A334A001B276C /* NewMessageController.swift */ = {isa = PBXFileReference; fileEncoding = 4; lastKnownFileType = sourcecode.swift; path = NewMessageController.swift; sourceTree = "<group>"; };
		BFBF899D1D4A3C3D001B276C /* User.swift */ = {isa = PBXFileReference; fileEncoding = 4; lastKnownFileType = sourcecode.swift; path = User.swift; sourceTree = "<group>"; };
		BFBF899F1D4A425D001B276C /* LoginController+handlers.swift */ = {isa = PBXFileReference; fileEncoding = 4; lastKnownFileType = sourcecode.swift; path = "LoginController+handlers.swift"; sourceTree = "<group>"; };
		BFBF89A21D4A6159001B276C /* Extentions.swift */ = {isa = PBXFileReference; fileEncoding = 4; lastKnownFileType = sourcecode.swift; path = Extentions.swift; sourceTree = "<group>"; };
		D7C7CF8DA4CF18C7F19ACBA5 /* Pods-ChatFireBase.release.xcconfig */ = {isa = PBXFileReference; includeInIndex = 1; lastKnownFileType = text.xcconfig; name = "Pods-ChatFireBase.release.xcconfig"; path = "Pods/Target Support Files/Pods-ChatFireBase/Pods-ChatFireBase.release.xcconfig"; sourceTree = "<group>"; };
/* End PBXFileReference section */

/* Begin PBXFrameworksBuildPhase section */
		836E28051D485FDA006558D9 /* Frameworks */ = {
			isa = PBXFrameworksBuildPhase;
			buildActionMask = 2147483647;
			files = (
				5DF47D79066A125889EC0FB8 /* Pods_ChatFireBase.framework in Frameworks */,
			);
			runOnlyForDeploymentPostprocessing = 0;
		};
/* End PBXFrameworksBuildPhase section */

/* Begin PBXGroup section */
		539CC6AAB5C40376D0B26AE6 /* Frameworks */ = {
			isa = PBXGroup;
			children = (
				A3422680F6335B5412902260 /* Pods_ChatFireBase.framework */,
			);
			name = Frameworks;
			sourceTree = "<group>";
		};
		836E27FF1D485FDA006558D9 = {
			isa = PBXGroup;
			children = (
				836E280A1D485FDA006558D9 /* ChatFireBase */,
				836E28091D485FDA006558D9 /* Products */,
				ADB76AEB6831764EDAA0C7AF /* Pods */,
				539CC6AAB5C40376D0B26AE6 /* Frameworks */,
			);
			sourceTree = "<group>";
		};
		836E28091D485FDA006558D9 /* Products */ = {
			isa = PBXGroup;
			children = (
				836E28081D485FDA006558D9 /* ChatFireBase.app */,
			);
			name = Products;
			sourceTree = "<group>";
		};
		836E280A1D485FDA006558D9 /* ChatFireBase */ = {
			isa = PBXGroup;
			children = (
				BFBF89A11D4A613E001B276C /* Helpers */,
				BFBF899C1D4A3C33001B276C /* Models */,
				836E28421D49C787006558D9 /* Common */,
				836E281D1D4861D0006558D9 /* Controller */,
				836E280B1D485FDA006558D9 /* AppDelegate.swift */,
				836E280F1D485FDA006558D9 /* Main.storyboard */,
				836E28121D485FDA006558D9 /* Assets.xcassets */,
				BF9BBD571D48E7A200B808C6 /* heart.jpg */,
				836E28141D485FDA006558D9 /* LaunchScreen.storyboard */,
				836E28171D485FDA006558D9 /* Info.plist */,
				BF9BBD591D48EA8600B808C6 /* GoogleService-Info.plist */,
			);
			path = ChatFireBase;
			sourceTree = "<group>";
		};
		836E281D1D4861D0006558D9 /* Controller */ = {
			isa = PBXGroup;
			children = (
				836E28201D487B24006558D9 /* MessagesController.swift */,
				836E281E1D4861E5006558D9 /* LoginController.swift */,
				BFBF899A1D4A334A001B276C /* NewMessageController.swift */,
				BFBF899F1D4A425D001B276C /* LoginController+handlers.swift */,
			);
			path = Controller;
			sourceTree = "<group>";
		};
		836E28421D49C787006558D9 /* Common */ = {
			isa = PBXGroup;
			children = (
				836E28431D49C793006558D9 /* Common.swift */,
			);
			path = Common;
			sourceTree = "<group>";
		};
		ADB76AEB6831764EDAA0C7AF /* Pods */ = {
			isa = PBXGroup;
			children = (
				109DED3903D14EAC96C4DB5E /* Pods-ChatFireBase.debug.xcconfig */,
				D7C7CF8DA4CF18C7F19ACBA5 /* Pods-ChatFireBase.release.xcconfig */,
			);
			name = Pods;
			sourceTree = "<group>";
		};
		BFBF899C1D4A3C33001B276C /* Models */ = {
			isa = PBXGroup;
			children = (
				BFBF899D1D4A3C3D001B276C /* User.swift */,
			);
			path = Models;
			sourceTree = "<group>";
		};
		BFBF89A11D4A613E001B276C /* Helpers */ = {
			isa = PBXGroup;
			children = (
				BFBF89A21D4A6159001B276C /* Extentions.swift */,
			);
			path = Helpers;
			sourceTree = "<group>";
		};
/* End PBXGroup section */

/* Begin PBXNativeTarget section */
		836E28071D485FDA006558D9 /* ChatFireBase */ = {
			isa = PBXNativeTarget;
			buildConfigurationList = 836E281A1D485FDA006558D9 /* Build configuration list for PBXNativeTarget "ChatFireBase" */;
			buildPhases = (
				943D63384CFF04D8B1738F53 /* 📦 Check Pods Manifest.lock */,
				836E28041D485FDA006558D9 /* Sources */,
				836E28051D485FDA006558D9 /* Frameworks */,
				836E28061D485FDA006558D9 /* Resources */,
				80C12A5EE11486CBACD1553E /* 📦 Embed Pods Frameworks */,
				CA9C9555BD31076815BD58A6 /* 📦 Copy Pods Resources */,
			);
			buildRules = (
			);
			dependencies = (
			);
			name = ChatFireBase;
			productName = ChatFireBase;
			productReference = 836E28081D485FDA006558D9 /* ChatFireBase.app */;
			productType = "com.apple.product-type.application";
		};
/* End PBXNativeTarget section */

/* Begin PBXProject section */
		836E28001D485FDA006558D9 /* Project object */ = {
			isa = PBXProject;
			attributes = {
				LastSwiftUpdateCheck = 0730;
				LastUpgradeCheck = 0730;
				ORGANIZATIONNAME = baon;
				TargetAttributes = {
					836E28071D485FDA006558D9 = {
						CreatedOnToolsVersion = 7.3;
					};
				};
			};
			buildConfigurationList = 836E28031D485FDA006558D9 /* Build configuration list for PBXProject "ChatFireBase" */;
			compatibilityVersion = "Xcode 3.2";
			developmentRegion = English;
			hasScannedForEncodings = 0;
			knownRegions = (
				en,
				Base,
			);
			mainGroup = 836E27FF1D485FDA006558D9;
			productRefGroup = 836E28091D485FDA006558D9 /* Products */;
			projectDirPath = "";
			projectRoot = "";
			targets = (
				836E28071D485FDA006558D9 /* ChatFireBase */,
			);
		};
/* End PBXProject section */

/* Begin PBXResourcesBuildPhase section */
		836E28061D485FDA006558D9 /* Resources */ = {
			isa = PBXResourcesBuildPhase;
			buildActionMask = 2147483647;
			files = (
				BF9BBD581D48E7A200B808C6 /* heart.jpg in Resources */,
				836E28161D485FDA006558D9 /* LaunchScreen.storyboard in Resources */,
				BF9BBD5A1D48EA8600B808C6 /* GoogleService-Info.plist in Resources */,
				836E28131D485FDA006558D9 /* Assets.xcassets in Resources */,
				836E28111D485FDA006558D9 /* Main.storyboard in Resources */,
			);
			runOnlyForDeploymentPostprocessing = 0;
		};
/* End PBXResourcesBuildPhase section */

/* Begin PBXShellScriptBuildPhase section */
		80C12A5EE11486CBACD1553E /* 📦 Embed Pods Frameworks */ = {
			isa = PBXShellScriptBuildPhase;
			buildActionMask = 2147483647;
			files = (
			);
			inputPaths = (
			);
			name = "📦 Embed Pods Frameworks";
			outputPaths = (
			);
			runOnlyForDeploymentPostprocessing = 0;
			shellPath = /bin/sh;
			shellScript = "\"${SRCROOT}/Pods/Target Support Files/Pods-ChatFireBase/Pods-ChatFireBase-frameworks.sh\"\n";
			showEnvVarsInLog = 0;
		};
		943D63384CFF04D8B1738F53 /* 📦 Check Pods Manifest.lock */ = {
			isa = PBXShellScriptBuildPhase;
			buildActionMask = 2147483647;
			files = (
			);
			inputPaths = (
			);
			name = "📦 Check Pods Manifest.lock";
			outputPaths = (
			);
			runOnlyForDeploymentPostprocessing = 0;
			shellPath = /bin/sh;
			shellScript = "diff \"${PODS_ROOT}/../Podfile.lock\" \"${PODS_ROOT}/Manifest.lock\" > /dev/null\nif [[ $? != 0 ]] ; then\n    cat << EOM\nerror: The sandbox is not in sync with the Podfile.lock. Run 'pod install' or update your CocoaPods installation.\nEOM\n    exit 1\nfi\n";
			showEnvVarsInLog = 0;
		};
		CA9C9555BD31076815BD58A6 /* 📦 Copy Pods Resources */ = {
			isa = PBXShellScriptBuildPhase;
			buildActionMask = 2147483647;
			files = (
			);
			inputPaths = (
			);
			name = "📦 Copy Pods Resources";
			outputPaths = (
			);
			runOnlyForDeploymentPostprocessing = 0;
			shellPath = /bin/sh;
			shellScript = "\"${SRCROOT}/Pods/Target Support Files/Pods-ChatFireBase/Pods-ChatFireBase-resources.sh\"\n";
			showEnvVarsInLog = 0;
		};
/* End PBXShellScriptBuildPhase section */

/* Begin PBXSourcesBuildPhase section */
		836E28041D485FDA006558D9 /* Sources */ = {
			isa = PBXSourcesBuildPhase;
			buildActionMask = 2147483647;
			files = (
				836E28441D49C793006558D9 /* Common.swift in Sources */,
				BFBF899B1D4A334A001B276C /* NewMessageController.swift in Sources */,
				BFBF899E1D4A3C3D001B276C /* User.swift in Sources */,
				836E28211D487B24006558D9 /* MessagesController.swift in Sources */,
				BFBF89A31D4A6159001B276C /* Extentions.swift in Sources */,
				BFBF89A01D4A425D001B276C /* LoginController+handlers.swift in Sources */,
				836E281F1D4861E5006558D9 /* LoginController.swift in Sources */,
				836E280C1D485FDA006558D9 /* AppDelegate.swift in Sources */,
			);
			runOnlyForDeploymentPostprocessing = 0;
		};
/* End PBXSourcesBuildPhase section */

/* Begin PBXVariantGroup section */
		836E280F1D485FDA006558D9 /* Main.storyboard */ = {
			isa = PBXVariantGroup;
			children = (
				836E28101D485FDA006558D9 /* Base */,
			);
			name = Main.storyboard;
			sourceTree = "<group>";
		};
		836E28141D485FDA006558D9 /* LaunchScreen.storyboard */ = {
			isa = PBXVariantGroup;
			children = (
				836E28151D485FDA006558D9 /* Base */,
			);
			name = LaunchScreen.storyboard;
			sourceTree = "<group>";
		};
/* End PBXVariantGroup section */

/* Begin XCBuildConfiguration section */
		836E28181D485FDA006558D9 /* Debug */ = {
			isa = XCBuildConfiguration;
			buildSettings = {
				ALWAYS_SEARCH_USER_PATHS = NO;
				CLANG_ANALYZER_NONNULL = YES;
				CLANG_CXX_LANGUAGE_STANDARD = "gnu++0x";
				CLANG_CXX_LIBRARY = "libc++";
				CLANG_ENABLE_MODULES = YES;
				CLANG_ENABLE_OBJC_ARC = YES;
				CLANG_WARN_BOOL_CONVERSION = YES;
				CLANG_WARN_CONSTANT_CONVERSION = YES;
				CLANG_WARN_DIRECT_OBJC_ISA_USAGE = YES_ERROR;
				CLANG_WARN_EMPTY_BODY = YES;
				CLANG_WARN_ENUM_CONVERSION = YES;
				CLANG_WARN_INT_CONVERSION = YES;
				CLANG_WARN_OBJC_ROOT_CLASS = YES_ERROR;
				CLANG_WARN_UNREACHABLE_CODE = YES;
				CLANG_WARN__DUPLICATE_METHOD_MATCH = YES;
				"CODE_SIGN_IDENTITY[sdk=iphoneos*]" = "iPhone Developer";
				COPY_PHASE_STRIP = NO;
				DEBUG_INFORMATION_FORMAT = dwarf;
				ENABLE_STRICT_OBJC_MSGSEND = YES;
				ENABLE_TESTABILITY = YES;
				GCC_C_LANGUAGE_STANDARD = gnu99;
				GCC_DYNAMIC_NO_PIC = NO;
				GCC_NO_COMMON_BLOCKS = YES;
				GCC_OPTIMIZATION_LEVEL = 0;
				GCC_PREPROCESSOR_DEFINITIONS = (
					"DEBUG=1",
					"$(inherited)",
				);
				GCC_WARN_64_TO_32_BIT_CONVERSION = YES;
				GCC_WARN_ABOUT_RETURN_TYPE = YES_ERROR;
				GCC_WARN_UNDECLARED_SELECTOR = YES;
				GCC_WARN_UNINITIALIZED_AUTOS = YES_AGGRESSIVE;
				GCC_WARN_UNUSED_FUNCTION = YES;
				GCC_WARN_UNUSED_VARIABLE = YES;
				IPHONEOS_DEPLOYMENT_TARGET = 9.3;
				MTL_ENABLE_DEBUG_INFO = YES;
				ONLY_ACTIVE_ARCH = YES;
				SDKROOT = iphoneos;
				SWIFT_OPTIMIZATION_LEVEL = "-Onone";
				TARGETED_DEVICE_FAMILY = "1,2";
			};
			name = Debug;
		};
		836E28191D485FDA006558D9 /* Release */ = {
			isa = XCBuildConfiguration;
			buildSettings = {
				ALWAYS_SEARCH_USER_PATHS = NO;
				CLANG_ANALYZER_NONNULL = YES;
				CLANG_CXX_LANGUAGE_STANDARD = "gnu++0x";
				CLANG_CXX_LIBRARY = "libc++";
				CLANG_ENABLE_MODULES = YES;
				CLANG_ENABLE_OBJC_ARC = YES;
				CLANG_WARN_BOOL_CONVERSION = YES;
				CLANG_WARN_CONSTANT_CONVERSION = YES;
				CLANG_WARN_DIRECT_OBJC_ISA_USAGE = YES_ERROR;
				CLANG_WARN_EMPTY_BODY = YES;
				CLANG_WARN_ENUM_CONVERSION = YES;
				CLANG_WARN_INT_CONVERSION = YES;
				CLANG_WARN_OBJC_ROOT_CLASS = YES_ERROR;
				CLANG_WARN_UNREACHABLE_CODE = YES;
				CLANG_WARN__DUPLICATE_METHOD_MATCH = YES;
				"CODE_SIGN_IDENTITY[sdk=iphoneos*]" = "iPhone Developer";
				COPY_PHASE_STRIP = NO;
				DEBUG_INFORMATION_FORMAT = "dwarf-with-dsym";
				ENABLE_NS_ASSERTIONS = NO;
				ENABLE_STRICT_OBJC_MSGSEND = YES;
				GCC_C_LANGUAGE_STANDARD = gnu99;
				GCC_NO_COMMON_BLOCKS = YES;
				GCC_WARN_64_TO_32_BIT_CONVERSION = YES;
				GCC_WARN_ABOUT_RETURN_TYPE = YES_ERROR;
				GCC_WARN_UNDECLARED_SELECTOR = YES;
				GCC_WARN_UNINITIALIZED_AUTOS = YES_AGGRESSIVE;
				GCC_WARN_UNUSED_FUNCTION = YES;
				GCC_WARN_UNUSED_VARIABLE = YES;
				IPHONEOS_DEPLOYMENT_TARGET = 9.3;
				MTL_ENABLE_DEBUG_INFO = NO;
				SDKROOT = iphoneos;
				TARGETED_DEVICE_FAMILY = "1,2";
				VALIDATE_PRODUCT = YES;
			};
			name = Release;
		};
		836E281B1D485FDA006558D9 /* Debug */ = {
			isa = XCBuildConfiguration;
			baseConfigurationReference = 109DED3903D14EAC96C4DB5E /* Pods-ChatFireBase.debug.xcconfig */;
			buildSettings = {
				ASSETCATALOG_COMPILER_APPICON_NAME = AppIcon;
				INFOPLIST_FILE = ChatFireBase/Info.plist;
				LD_RUNPATH_SEARCH_PATHS = "$(inherited) @executable_path/Frameworks";
				PRODUCT_BUNDLE_IDENTIFIER = com.baon.ChatFireBase;
				PRODUCT_NAME = "$(TARGET_NAME)";
			};
			name = Debug;
		};
		836E281C1D485FDA006558D9 /* Release */ = {
			isa = XCBuildConfiguration;
			baseConfigurationReference = D7C7CF8DA4CF18C7F19ACBA5 /* Pods-ChatFireBase.release.xcconfig */;
			buildSettings = {
				ASSETCATALOG_COMPILER_APPICON_NAME = AppIcon;
				INFOPLIST_FILE = ChatFireBase/Info.plist;
				LD_RUNPATH_SEARCH_PATHS = "$(inherited) @executable_path/Frameworks";
				PRODUCT_BUNDLE_IDENTIFIER = com.baon.ChatFireBase;
				PRODUCT_NAME = "$(TARGET_NAME)";
			};
			name = Release;
		};
/* End XCBuildConfiguration section */

/* Begin XCConfigurationList section */
		836E28031D485FDA006558D9 /* Build configuration list for PBXProject "ChatFireBase" */ = {
			isa = XCConfigurationList;
			buildConfigurations = (
				836E28181D485FDA006558D9 /* Debug */,
				836E28191D485FDA006558D9 /* Release */,
			);
			defaultConfigurationIsVisible = 0;
			defaultConfigurationName = Release;
		};
		836E281A1D485FDA006558D9 /* Build configuration list for PBXNativeTarget "ChatFireBase" */ = {
			isa = XCConfigurationList;
			buildConfigurations = (
				836E281B1D485FDA006558D9 /* Debug */,
				836E281C1D485FDA006558D9 /* Release */,
			);
			defaultConfigurationIsVisible = 0;
			defaultConfigurationName = Release;
		};
/* End XCConfigurationList section */
	};
	rootObject = 836E28001D485FDA006558D9 /* Project object */;
}
